
Microsoft Visual Studio Solution File, Format Version 12.00
# Visual Studio 15
VisualStudioVersion = 15.0.26206.0
MinimumVisualStudioVersion = 10.0.40219.1
Project("{FAE04EC0-301F-11D3-BF4B-00C04F79EFBC}") = "FundManager", "FundManager\FundManager.csproj", "{ACAE17C6-88C1-4DA8-AE75-229A7785A379}"
EndProject
Project("{FAE04EC0-301F-11D3-BF4B-00C04F79EFBC}") = "FundMansgerTesting", "FundMansgerTesting\FundMansgerTesting.csproj", "{76CBA04D-F6AF-42D1-8480-CAF9DA36F462}"
EndProject
Global
	GlobalSection(SolutionConfigurationPlatforms) = preSolution
		Debug|Any CPU = Debug|Any CPU
		Release|Any CPU = Release|Any CPU
	EndGlobalSection
	GlobalSection(ProjectConfigurationPlatforms) = postSolution
		{ACAE17C6-88C1-4DA8-AE75-229A7785A379}.Debug|Any CPU.ActiveCfg = Debug|Any CPU
		{ACAE17C6-88C1-4DA8-AE75-229A7785A379}.Debug|Any CPU.Build.0 = Debug|Any CPU
		{ACAE17C6-88C1-4DA8-AE75-229A7785A379}.Release|Any CPU.ActiveCfg = Release|Any CPU
		{ACAE17C6-88C1-4DA8-AE75-229A7785A379}.Release|Any CPU.Build.0 = Release|Any CPU
		{76CBA04D-F6AF-42D1-8480-CAF9DA36F462}.Debug|Any CPU.ActiveCfg = Debug|Any CPU
		{76CBA04D-F6AF-42D1-8480-CAF9DA36F462}.Debug|Any CPU.Build.0 = Debug|Any CPU
		{76CBA04D-F6AF-42D1-8480-CAF9DA36F462}.Release|Any CPU.ActiveCfg = Release|Any CPU
		{76CBA04D-F6AF-42D1-8480-CAF9DA36F462}.Release|Any CPU.Build.0 = Release|Any CPU
	EndGlobalSection
	GlobalSection(SolutionProperties) = preSolution
		HideSolutionNode = FALSE
	EndGlobalSection
EndGlobal
